
Microsoft Visual Studio Solution File, Format Version 12.00
# Visual Studio Version 17
VisualStudioVersion = 17.0.31903.59
MinimumVisualStudioVersion = 10.0.40219.1
Project("{FAE04EC0-301F-11D3-BF4B-00C04F79EFBC}") = "BlazorApp2", "BlazorApp2\BlazorApp2.csproj", "{A99129EA-AA7A-423C-9E37-1CE8816D0AC3}"
EndProject
Project("{FAE04EC0-301F-11D3-BF4B-00C04F79EFBC}") = "BlazorApp3.WithDelay", "BlazorApp3.WithDelay\BlazorApp3.WithDelay.csproj", "{0CEF79D6-73B0-4C0E-B7E1-4794FB494DE1}"
EndProject
Global
	GlobalSection(SolutionConfigurationPlatforms) = preSolution
		Debug|Any CPU = Debug|Any CPU
		Debug|x64 = Debug|x64
		Debug|x86 = Debug|x86
		Release|Any CPU = Release|Any CPU
		Release|x64 = Release|x64
		Release|x86 = Release|x86
	EndGlobalSection
	GlobalSection(ProjectConfigurationPlatforms) = postSolution
		{A99129EA-AA7A-423C-9E37-1CE8816D0AC3}.Debug|Any CPU.ActiveCfg = Debug|Any CPU
		{A99129EA-AA7A-423C-9E37-1CE8816D0AC3}.Debug|Any CPU.Build.0 = Debug|Any CPU
		{A99129EA-AA7A-423C-9E37-1CE8816D0AC3}.Debug|x64.ActiveCfg = Debug|Any CPU
		{A99129EA-AA7A-423C-9E37-1CE8816D0AC3}.Debug|x64.Build.0 = Debug|Any CPU
		{A99129EA-AA7A-423C-9E37-1CE8816D0AC3}.Debug|x86.ActiveCfg = Debug|Any CPU
		{A99129EA-AA7A-423C-9E37-1CE8816D0AC3}.Debug|x86.Build.0 = Debug|Any CPU
		{A99129EA-AA7A-423C-9E37-1CE8816D0AC3}.Release|Any CPU.ActiveCfg = Release|Any CPU
		{A99129EA-AA7A-423C-9E37-1CE8816D0AC3}.Release|Any CPU.Build.0 = Release|Any CPU
		{A99129EA-AA7A-423C-9E37-1CE8816D0AC3}.Release|x64.ActiveCfg = Release|Any CPU
		{A99129EA-AA7A-423C-9E37-1CE8816D0AC3}.Release|x64.Build.0 = Release|Any CPU
		{A99129EA-AA7A-423C-9E37-1CE8816D0AC3}.Release|x86.ActiveCfg = Release|Any CPU
		{A99129EA-AA7A-423C-9E37-1CE8816D0AC3}.Release|x86.Build.0 = Release|Any CPU
		{0CEF79D6-73B0-4C0E-B7E1-4794FB494DE1}.Debug|Any CPU.ActiveCfg = Debug|Any CPU
		{0CEF79D6-73B0-4C0E-B7E1-4794FB494DE1}.Debug|Any CPU.Build.0 = Debug|Any CPU
		{0CEF79D6-73B0-4C0E-B7E1-4794FB494DE1}.Debug|x64.ActiveCfg = Debug|Any CPU
		{0CEF79D6-73B0-4C0E-B7E1-4794FB494DE1}.Debug|x64.Build.0 = Debug|Any CPU
		{0CEF79D6-73B0-4C0E-B7E1-4794FB494DE1}.Debug|x86.ActiveCfg = Debug|Any CPU
		{0CEF79D6-73B0-4C0E-B7E1-4794FB494DE1}.Debug|x86.Build.0 = Debug|Any CPU
		{0CEF79D6-73B0-4C0E-B7E1-4794FB494DE1}.Release|Any CPU.ActiveCfg = Release|Any CPU
		{0CEF79D6-73B0-4C0E-B7E1-4794FB494DE1}.Release|Any CPU.Build.0 = Release|Any CPU
		{0CEF79D6-73B0-4C0E-B7E1-4794FB494DE1}.Release|x64.ActiveCfg = Release|Any CPU
		{0CEF79D6-73B0-4C0E-B7E1-4794FB494DE1}.Release|x64.Build.0 = Release|Any CPU
		{0CEF79D6-73B0-4C0E-B7E1-4794FB494DE1}.Release|x86.ActiveCfg = Release|Any CPU
		{0CEF79D6-73B0-4C0E-B7E1-4794FB494DE1}.Release|x86.Build.0 = Release|Any CPU
	EndGlobalSection
	GlobalSection(SolutionProperties) = preSolution
		HideSolutionNode = FALSE
	EndGlobalSection
	GlobalSection(ExtensibilityGlobals) = postSolution
		SolutionGuid = {A7C45244-C39D-4336-B946-C8FED5A001C7}
	EndGlobalSection
EndGlobal
